
Microsoft Visual Studio Solution File, Format Version 12.00
# Visual Studio Version 17
VisualStudioVersion = 17.6.33829.357
MinimumVisualStudioVersion = 10.0.40219.1
Project("{9A19103F-16F7-4668-BE54-9A1E7A4F7556}") = "ReqCsvToJson", "RequirementGeneratorForOpenReq\ReqCsvToJson.csproj", "{212B1EC8-8C95-462C-A107-01BFEA048743}"
EndProject
Project("{9A19103F-16F7-4668-BE54-9A1E7A4F7556}") = "CommonTools", "CommonTools\CommonTools.csproj", "{F9C634B6-43D0-42C1-9E11-30B2A009FA4E}"
EndProject
Project("{FAE04EC0-301F-11D3-BF4B-00C04F79EFBC}") = "TextFileRunner", "TextFileRunner\TextFileRunner.csproj", "{3B6F45F6-EDCE-4753-B070-047E60F937EE}"
EndProject
Global
	GlobalSection(SolutionConfigurationPlatforms) = preSolution
		Debug|Any CPU = Debug|Any CPU
		Release|Any CPU = Release|Any CPU
	EndGlobalSection
	GlobalSection(ProjectConfigurationPlatforms) = postSolution
		{212B1EC8-8C95-462C-A107-01BFEA048743}.Debug|Any CPU.ActiveCfg = Debug|Any CPU
		{212B1EC8-8C95-462C-A107-01BFEA048743}.Debug|Any CPU.Build.0 = Debug|Any CPU
		{212B1EC8-8C95-462C-A107-01BFEA048743}.Release|Any CPU.ActiveCfg = Release|Any CPU
		{212B1EC8-8C95-462C-A107-01BFEA048743}.Release|Any CPU.Build.0 = Release|Any CPU
		{F9C634B6-43D0-42C1-9E11-30B2A009FA4E}.Debug|Any CPU.ActiveCfg = Debug|Any CPU
		{F9C634B6-43D0-42C1-9E11-30B2A009FA4E}.Debug|Any CPU.Build.0 = Debug|Any CPU
		{F9C634B6-43D0-42C1-9E11-30B2A009FA4E}.Release|Any CPU.ActiveCfg = Release|Any CPU
		{F9C634B6-43D0-42C1-9E11-30B2A009FA4E}.Release|Any CPU.Build.0 = Release|Any CPU
		{3B6F45F6-EDCE-4753-B070-047E60F937EE}.Debug|Any CPU.ActiveCfg = Debug|Any CPU
		{3B6F45F6-EDCE-4753-B070-047E60F937EE}.Debug|Any CPU.Build.0 = Debug|Any CPU
		{3B6F45F6-EDCE-4753-B070-047E60F937EE}.Release|Any CPU.ActiveCfg = Release|Any CPU
		{3B6F45F6-EDCE-4753-B070-047E60F937EE}.Release|Any CPU.Build.0 = Release|Any CPU
	EndGlobalSection
	GlobalSection(SolutionProperties) = preSolution
		HideSolutionNode = FALSE
	EndGlobalSection
	GlobalSection(ExtensibilityGlobals) = postSolution
		SolutionGuid = {B62D0987-C87D-495F-A256-269817D899AD}
	EndGlobalSection
EndGlobal
