
Microsoft Visual Studio Solution File, Format Version 12.00
# Visual Studio Version 17
VisualStudioVersion = 17.6.33829.357
MinimumVisualStudioVersion = 10.0.40219.1
Project("{FAE04EC0-301F-11D3-BF4B-00C04F79EFBC}") = "RequirementGeneratorForOpenReq", "RequirementGeneratorForOpenReq\RequirementGeneratorForOpenReq.csproj", "{212B1EC8-8C95-462C-A107-01BFEA048743}"
EndProject
Global
	GlobalSection(SolutionConfigurationPlatforms) = preSolution
		Debug|Any CPU = Debug|Any CPU
		Release|Any CPU = Release|Any CPU
	EndGlobalSection
	GlobalSection(ProjectConfigurationPlatforms) = postSolution
		{212B1EC8-8C95-462C-A107-01BFEA048743}.Debug|Any CPU.ActiveCfg = Debug|Any CPU
		{212B1EC8-8C95-462C-A107-01BFEA048743}.Debug|Any CPU.Build.0 = Debug|Any CPU
		{212B1EC8-8C95-462C-A107-01BFEA048743}.Release|Any CPU.ActiveCfg = Release|Any CPU
		{212B1EC8-8C95-462C-A107-01BFEA048743}.Release|Any CPU.Build.0 = Release|Any CPU
	EndGlobalSection
	GlobalSection(SolutionProperties) = preSolution
		HideSolutionNode = FALSE
	EndGlobalSection
	GlobalSection(ExtensibilityGlobals) = postSolution
		SolutionGuid = {B62D0987-C87D-495F-A256-269817D899AD}
	EndGlobalSection
EndGlobal
